
Microsoft Visual Studio Solution File, Format Version 12.00
# Visual Studio Version 16
VisualStudioVersion = 16.0.30517.126
MinimumVisualStudioVersion = 10.0.40219.1
Project("{FAE04EC0-301F-11D3-BF4B-00C04F79EFBC}") = "PayPalMerchantSDK", "PayPalMerchantSDK.csproj", "{1F5FF00B-CE0F-40B8-9BC4-7B5ED2087266}"
EndProject
Project("{FAE04EC0-301F-11D3-BF4B-00C04F79EFBC}") = "PaypalTest", "..\PaypalTest\PaypalTest.csproj", "{961E7878-1598-47A5-84A9-F5A422C9BFAF}"
EndProject
Global
	GlobalSection(SolutionConfigurationPlatforms) = preSolution
		Debug|Any CPU = Debug|Any CPU
		Release|Any CPU = Release|Any CPU
	EndGlobalSection
	GlobalSection(ProjectConfigurationPlatforms) = postSolution
		{1F5FF00B-CE0F-40B8-9BC4-7B5ED2087266}.Debug|Any CPU.ActiveCfg = Debug|Any CPU
		{1F5FF00B-CE0F-40B8-9BC4-7B5ED2087266}.Debug|Any CPU.Build.0 = Debug|Any CPU
		{1F5FF00B-CE0F-40B8-9BC4-7B5ED2087266}.Release|Any CPU.ActiveCfg = Release|Any CPU
		{1F5FF00B-CE0F-40B8-9BC4-7B5ED2087266}.Release|Any CPU.Build.0 = Release|Any CPU
		{961E7878-1598-47A5-84A9-F5A422C9BFAF}.Debug|Any CPU.ActiveCfg = Debug|Any CPU
		{961E7878-1598-47A5-84A9-F5A422C9BFAF}.Debug|Any CPU.Build.0 = Debug|Any CPU
		{961E7878-1598-47A5-84A9-F5A422C9BFAF}.Release|Any CPU.ActiveCfg = Release|Any CPU
		{961E7878-1598-47A5-84A9-F5A422C9BFAF}.Release|Any CPU.Build.0 = Release|Any CPU
	EndGlobalSection
	GlobalSection(SolutionProperties) = preSolution
		HideSolutionNode = FALSE
	EndGlobalSection
	GlobalSection(ExtensibilityGlobals) = postSolution
		SolutionGuid = {606D0D20-01F0-46D1-8874-225A02F5996E}
	EndGlobalSection
EndGlobal
